
Microsoft Visual Studio Solution File, Format Version 12.00
# Visual Studio Version 17
VisualStudioVersion = 17.5.33424.131
MinimumVisualStudioVersion = 10.0.40219.1
Project("{FAE04EC0-301F-11D3-BF4B-00C04F79EFBC}") = "test4", "test4\test4.csproj", "{3B9F5FBE-C78D-4EA7-9BED-F35483DA6B08}"
EndProject
Global
	GlobalSection(SolutionConfigurationPlatforms) = preSolution
		Debug|Any CPU = Debug|Any CPU
		Release|Any CPU = Release|Any CPU
	EndGlobalSection
	GlobalSection(ProjectConfigurationPlatforms) = postSolution
		{3B9F5FBE-C78D-4EA7-9BED-F35483DA6B08}.Debug|Any CPU.ActiveCfg = Debug|Any CPU
		{3B9F5FBE-C78D-4EA7-9BED-F35483DA6B08}.Debug|Any CPU.Build.0 = Debug|Any CPU
		{3B9F5FBE-C78D-4EA7-9BED-F35483DA6B08}.Release|Any CPU.ActiveCfg = Release|Any CPU
		{3B9F5FBE-C78D-4EA7-9BED-F35483DA6B08}.Release|Any CPU.Build.0 = Release|Any CPU
	EndGlobalSection
	GlobalSection(SolutionProperties) = preSolution
		HideSolutionNode = FALSE
	EndGlobalSection
	GlobalSection(ExtensibilityGlobals) = postSolution
		SolutionGuid = {F35C82E0-5AFF-4630-A0C9-81B1BFA9EC6A}
	EndGlobalSection
EndGlobal
